
Microsoft Visual Studio Solution File, Format Version 12.00
# Visual Studio Version 17
VisualStudioVersion = 17.14.37314.3
MinimumVisualStudioVersion = 10.0.40219.1
Project("{FAE04EC0-301F-11D3-BF4B-00C04F79EFBC}") = "day01", "day01\day01.csproj", "{40DE1CF6-A2A1-4394-80AF-AD7C7005560B}"
EndProject
Project("{FAE04EC0-301F-11D3-BF4B-00C04F79EFBC}") = "day02", "day02\day02.csproj", "{F72C5CEC-817E-4008-B25E-7B71869B9BEA}"
EndProject
Project("{FAE04EC0-301F-11D3-BF4B-00C04F79EFBC}") = "day03", "day03\day03.csproj", "{B093D6A4-97D6-4D8B-80C0-B418F33691C0}"
EndProject
Project("{FAE04EC0-301F-11D3-BF4B-00C04F79EFBC}") = "day04", "day04\day04.csproj", "{FD62543E-4245-447E-87DE-22372672B076}"
EndProject
Project("{FAE04EC0-301F-11D3-BF4B-00C04F79EFBC}") = "day05", "day05\day05.csproj", "{861918E4-5F33-42DC-B942-41D48A853562}"
EndProject
Project("{FAE04EC0-301F-11D3-BF4B-00C04F79EFBC}") = "day06", "day06\day06.csproj", "{E1D4E6D0-10EE-404B-87EB-175E817965B7}"
EndProject
Project("{FAE04EC0-301F-11D3-BF4B-00C04F79EFBC}") = "string_类库", "string_类库\string_类库.csproj", "{3DA548C6-5563-4AE9-BC9F-6C5AEF96DD70}"
EndProject
Project("{FAE04EC0-301F-11D3-BF4B-00C04F79EFBC}") = "day09", "day09\day09.csproj", "{0F732715-E345-4001-A88C-B5EAB4A86052}"
EndProject
Project("{FAE04EC0-301F-11D3-BF4B-00C04F79EFBC}") = "day10", "day10\day10.csproj", "{82DD64F7-2EFB-48D1-AF85-BBF905023FC6}"
EndProject
Project("{FAE04EC0-301F-11D3-BF4B-00C04F79EFBC}") = "day11", "day11\day11.csproj", "{E2F8F742-2FC6-4CF2-B728-DDF38519F91D}"
EndProject
Project("{FAE04EC0-301F-11D3-BF4B-00C04F79EFBC}") = "day12", "day12\day12.csproj", "{0A5F46F0-E90A-4076-A167-491258AF7BDD}"
EndProject
Project("{FAE04EC0-301F-11D3-BF4B-00C04F79EFBC}") = "day13", "day13\day13.csproj", "{C38A56B3-EE26-4CF9-88DE-8C6F73DE8D80}"
EndProject
Project("{FAE04EC0-301F-11D3-BF4B-00C04F79EFBC}") = "day14", "day14\day14.csproj", "{89C07270-A434-471B-A0C7-ABF35B3EB664}"
EndProject
Project("{FAE04EC0-301F-11D3-BF4B-00C04F79EFBC}") = "day15", "day15\day15.csproj", "{3B487EE7-763C-493C-9C02-A4C0EE8AA8D9}"
EndProject
Project("{FAE04EC0-301F-11D3-BF4B-00C04F79EFBC}") = "day16", "day16\day16.csproj", "{26663524-DBDE-4A94-8ADC-61253773F081}"
EndProject
Project("{FAE04EC0-301F-11D3-BF4B-00C04F79EFBC}") = "day17", "打印7\day17.csproj", "{920B8812-546F-4424-A3C8-C3AF3F723A6C}"
EndProject
Project("{FAE04EC0-301F-11D3-BF4B-00C04F79EFBC}") = "day18", "day18\day18.csproj", "{99E5AC56-1022-414A-B4D8-857067548DA1}"
EndProject
Global
	GlobalSection(SolutionConfigurationPlatforms) = preSolution
		Debug|Any CPU = Debug|Any CPU
		Release|Any CPU = Release|Any CPU
	EndGlobalSection
	GlobalSection(ProjectConfigurationPlatforms) = postSolution
		{40DE1CF6-A2A1-4394-80AF-AD7C7005560B}.Debug|Any CPU.ActiveCfg = Debug|Any CPU
		{40DE1CF6-A2A1-4394-80AF-AD7C7005560B}.Debug|Any CPU.Build.0 = Debug|Any CPU
		{40DE1CF6-A2A1-4394-80AF-AD7C7005560B}.Release|Any CPU.ActiveCfg = Release|Any CPU
		{40DE1CF6-A2A1-4394-80AF-AD7C7005560B}.Release|Any CPU.Build.0 = Release|Any CPU
		{F72C5CEC-817E-4008-B25E-7B71869B9BEA}.Debug|Any CPU.ActiveCfg = Debug|Any CPU
		{F72C5CEC-817E-4008-B25E-7B71869B9BEA}.Debug|Any CPU.Build.0 = Debug|Any CPU
		{F72C5CEC-817E-4008-B25E-7B71869B9BEA}.Release|Any CPU.ActiveCfg = Release|Any CPU
		{F72C5CEC-817E-4008-B25E-7B71869B9BEA}.Release|Any CPU.Build.0 = Release|Any CPU
		{B093D6A4-97D6-4D8B-80C0-B418F33691C0}.Debug|Any CPU.ActiveCfg = Debug|Any CPU
		{B093D6A4-97D6-4D8B-80C0-B418F33691C0}.Debug|Any CPU.Build.0 = Debug|Any CPU
		{B093D6A4-97D6-4D8B-80C0-B418F33691C0}.Release|Any CPU.ActiveCfg = Release|Any CPU
		{B093D6A4-97D6-4D8B-80C0-B418F33691C0}.Release|Any CPU.Build.0 = Release|Any CPU
		{FD62543E-4245-447E-87DE-22372672B076}.Debug|Any CPU.ActiveCfg = Debug|Any CPU
		{FD62543E-4245-447E-87DE-22372672B076}.Debug|Any CPU.Build.0 = Debug|Any CPU
		{FD62543E-4245-447E-87DE-22372672B076}.Release|Any CPU.ActiveCfg = Release|Any CPU
		{FD62543E-4245-447E-87DE-22372672B076}.Release|Any CPU.Build.0 = Release|Any CPU
		{861918E4-5F33-42DC-B942-41D48A853562}.Debug|Any CPU.ActiveCfg = Debug|Any CPU
		{861918E4-5F33-42DC-B942-41D48A853562}.Debug|Any CPU.Build.0 = Debug|Any CPU
		{861918E4-5F33-42DC-B942-41D48A853562}.Release|Any CPU.ActiveCfg = Release|Any CPU
		{861918E4-5F33-42DC-B942-41D48A853562}.Release|Any CPU.Build.0 = Release|Any CPU
		{E1D4E6D0-10EE-404B-87EB-175E817965B7}.Debug|Any CPU.ActiveCfg = Debug|Any CPU
		{E1D4E6D0-10EE-404B-87EB-175E817965B7}.Debug|Any CPU.Build.0 = Debug|Any CPU
		{E1D4E6D0-10EE-404B-87EB-175E817965B7}.Release|Any CPU.ActiveCfg = Release|Any CPU
		{E1D4E6D0-10EE-404B-87EB-175E817965B7}.Release|Any CPU.Build.0 = Release|Any CPU
		{3DA548C6-5563-4AE9-BC9F-6C5AEF96DD70}.Debug|Any CPU.ActiveCfg = Debug|Any CPU
		{3DA548C6-5563-4AE9-BC9F-6C5AEF96DD70}.Debug|Any CPU.Build.0 = Debug|Any CPU
		{3DA548C6-5563-4AE9-BC9F-6C5AEF96DD70}.Release|Any CPU.ActiveCfg = Release|Any CPU
		{3DA548C6-5563-4AE9-BC9F-6C5AEF96DD70}.Release|Any CPU.Build.0 = Release|Any CPU
		{0F732715-E345-4001-A88C-B5EAB4A86052}.Debug|Any CPU.ActiveCfg = Debug|Any CPU
		{0F732715-E345-4001-A88C-B5EAB4A86052}.Debug|Any CPU.Build.0 = Debug|Any CPU
		{0F732715-E345-4001-A88C-B5EAB4A86052}.Release|Any CPU.ActiveCfg = Release|Any CPU
		{0F732715-E345-4001-A88C-B5EAB4A86052}.Release|Any CPU.Build.0 = Release|Any CPU
		{82DD64F7-2EFB-48D1-AF85-BBF905023FC6}.Debug|Any CPU.ActiveCfg = Debug|Any CPU
		{82DD64F7-2EFB-48D1-AF85-BBF905023FC6}.Debug|Any CPU.Build.0 = Debug|Any CPU
		{82DD64F7-2EFB-48D1-AF85-BBF905023FC6}.Release|Any CPU.ActiveCfg = Release|Any CPU
		{82DD64F7-2EFB-48D1-AF85-BBF905023FC6}.Release|Any CPU.Build.0 = Release|Any CPU
		{E2F8F742-2FC6-4CF2-B728-DDF38519F91D}.Debug|Any CPU.ActiveCfg = Debug|Any CPU
		{E2F8F742-2FC6-4CF2-B728-DDF38519F91D}.Debug|Any CPU.Build.0 = Debug|Any CPU
		{E2F8F742-2FC6-4CF2-B728-DDF38519F91D}.Release|Any CPU.ActiveCfg = Release|Any CPU
		{E2F8F742-2FC6-4CF2-B728-DDF38519F91D}.Release|Any CPU.Build.0 = Release|Any CPU
		{0A5F46F0-E90A-4076-A167-491258AF7BDD}.Debug|Any CPU.ActiveCfg = Debug|Any CPU
		{0A5F46F0-E90A-4076-A167-491258AF7BDD}.Debug|Any CPU.Build.0 = Debug|Any CPU
		{0A5F46F0-E90A-4076-A167-491258AF7BDD}.Release|Any CPU.ActiveCfg = Release|Any CPU
		{0A5F46F0-E90A-4076-A167-491258AF7BDD}.Release|Any CPU.Build.0 = Release|Any CPU
		{C38A56B3-EE26-4CF9-88DE-8C6F73DE8D80}.Debug|Any CPU.ActiveCfg = Debug|Any CPU
		{C38A56B3-EE26-4CF9-88DE-8C6F73DE8D80}.Debug|Any CPU.Build.0 = Debug|Any CPU
		{C38A56B3-EE26-4CF9-88DE-8C6F73DE8D80}.Release|Any CPU.ActiveCfg = Release|Any CPU
		{C38A56B3-EE26-4CF9-88DE-8C6F73DE8D80}.Release|Any CPU.Build.0 = Release|Any CPU
		{89C07270-A434-471B-A0C7-ABF35B3EB664}.Debug|Any CPU.ActiveCfg = Debug|Any CPU
		{89C07270-A434-471B-A0C7-ABF35B3EB664}.Debug|Any CPU.Build.0 = Debug|Any CPU
		{89C07270-A434-471B-A0C7-ABF35B3EB664}.Release|Any CPU.ActiveCfg = Release|Any CPU
		{89C07270-A434-471B-A0C7-ABF35B3EB664}.Release|Any CPU.Build.0 = Release|Any CPU
		{3B487EE7-763C-493C-9C02-A4C0EE8AA8D9}.Debug|Any CPU.ActiveCfg = Debug|Any CPU
		{3B487EE7-763C-493C-9C02-A4C0EE8AA8D9}.Debug|Any CPU.Build.0 = Debug|Any CPU
		{3B487EE7-763C-493C-9C02-A4C0EE8AA8D9}.Release|Any CPU.ActiveCfg = Release|Any CPU
		{3B487EE7-763C-493C-9C02-A4C0EE8AA8D9}.Release|Any CPU.Build.0 = Release|Any CPU
		{26663524-DBDE-4A94-8ADC-61253773F081}.Debug|Any CPU.ActiveCfg = Debug|Any CPU
		{26663524-DBDE-4A94-8ADC-61253773F081}.Debug|Any CPU.Build.0 = Debug|Any CPU
		{26663524-DBDE-4A94-8ADC-61253773F081}.Release|Any CPU.ActiveCfg = Release|Any CPU
		{26663524-DBDE-4A94-8ADC-61253773F081}.Release|Any CPU.Build.0 = Release|Any CPU
		{920B8812-546F-4424-A3C8-C3AF3F723A6C}.Debug|Any CPU.ActiveCfg = Debug|Any CPU
		{920B8812-546F-4424-A3C8-C3AF3F723A6C}.Debug|Any CPU.Build.0 = Debug|Any CPU
		{920B8812-546F-4424-A3C8-C3AF3F723A6C}.Release|Any CPU.ActiveCfg = Release|Any CPU
		{920B8812-546F-4424-A3C8-C3AF3F723A6C}.Release|Any CPU.Build.0 = Release|Any CPU
		{99E5AC56-1022-414A-B4D8-857067548DA1}.Debug|Any CPU.ActiveCfg = Debug|Any CPU
		{99E5AC56-1022-414A-B4D8-857067548DA1}.Debug|Any CPU.Build.0 = Debug|Any CPU
		{99E5AC56-1022-414A-B4D8-857067548DA1}.Release|Any CPU.ActiveCfg = Release|Any CPU
		{99E5AC56-1022-414A-B4D8-857067548DA1}.Release|Any CPU.Build.0 = Release|Any CPU
	EndGlobalSection
	GlobalSection(SolutionProperties) = preSolution
		HideSolutionNode = FALSE
	EndGlobalSection
	GlobalSection(ExtensibilityGlobals) = postSolution
		SolutionGuid = {8ACA598A-8683-401A-870B-CB2A34BB6EF2}
	EndGlobalSection
EndGlobal
