
Microsoft Visual Studio Solution File, Format Version 12.00
# Visual Studio Version 17
VisualStudioVersion = 17.14.37314.3 d17.14
MinimumVisualStudioVersion = 10.0.40219.1
Project("{FAE04EC0-301F-11D3-BF4B-00C04F79EFBC}") = "WPF01", "WPF01\WPF01.csproj", "{E993B452-E89D-4EAA-B204-A937742B9192}"
EndProject
Global
	GlobalSection(SolutionConfigurationPlatforms) = preSolution
		Debug|Any CPU = Debug|Any CPU
		Release|Any CPU = Release|Any CPU
	EndGlobalSection
	GlobalSection(ProjectConfigurationPlatforms) = postSolution
		{E993B452-E89D-4EAA-B204-A937742B9192}.Debug|Any CPU.ActiveCfg = Debug|Any CPU
		{E993B452-E89D-4EAA-B204-A937742B9192}.Debug|Any CPU.Build.0 = Debug|Any CPU
		{E993B452-E89D-4EAA-B204-A937742B9192}.Release|Any CPU.ActiveCfg = Release|Any CPU
		{E993B452-E89D-4EAA-B204-A937742B9192}.Release|Any CPU.Build.0 = Release|Any CPU
	EndGlobalSection
	GlobalSection(SolutionProperties) = preSolution
		HideSolutionNode = FALSE
	EndGlobalSection
	GlobalSection(ExtensibilityGlobals) = postSolution
		SolutionGuid = {50A842A1-5AAC-41AD-8E2E-C3C3C5326ADB}
	EndGlobalSection
EndGlobal
