
Microsoft Visual Studio Solution File, Format Version 12.00
# Visual Studio Version 17
VisualStudioVersion = 17.14.37314.3 d17.14
MinimumVisualStudioVersion = 10.0.40219.1
Project("{FAE04EC0-301F-11D3-BF4B-00C04F79EFBC}") = "TemperatureControl.WinForms", "TemperatureControl.WinForms\TemperatureControl.WinForms.csproj", "{CD16314C-1C71-4842-95EC-0BB778AFA5E5}"
EndProject
Global
	GlobalSection(SolutionConfigurationPlatforms) = preSolution
		Debug|Any CPU = Debug|Any CPU
		Release|Any CPU = Release|Any CPU
	EndGlobalSection
	GlobalSection(ProjectConfigurationPlatforms) = postSolution
		{CD16314C-1C71-4842-95EC-0BB778AFA5E5}.Debug|Any CPU.ActiveCfg = Debug|Any CPU
		{CD16314C-1C71-4842-95EC-0BB778AFA5E5}.Debug|Any CPU.Build.0 = Debug|Any CPU
		{CD16314C-1C71-4842-95EC-0BB778AFA5E5}.Release|Any CPU.ActiveCfg = Release|Any CPU
		{CD16314C-1C71-4842-95EC-0BB778AFA5E5}.Release|Any CPU.Build.0 = Release|Any CPU
	EndGlobalSection
	GlobalSection(SolutionProperties) = preSolution
		HideSolutionNode = FALSE
	EndGlobalSection
	GlobalSection(ExtensibilityGlobals) = postSolution
		SolutionGuid = {F1C63C24-6D14-4006-A97A-52189577E52C}
	EndGlobalSection
EndGlobal
