
Microsoft Visual Studio Solution File, Format Version 12.00
# Visual Studio Version 17
VisualStudioVersion = 17.14.37314.3 d17.14
MinimumVisualStudioVersion = 10.0.40219.1
Project("{FAE04EC0-301F-11D3-BF4B-00C04F79EFBC}") = "接口与抽象类", "C#演示Demo\接口与抽象类.csproj", "{CE3C048B-5A94-48E3-8C59-1C48C399C340}"
EndProject
Project("{FAE04EC0-301F-11D3-BF4B-00C04F79EFBC}") = "接口与抽象类.Tests", "接口与抽象类.Tests\接口与抽象类.Tests.csproj", "{C8CBB432-FDCB-463D-9108-1F0BEFAD09B2}"
EndProject
Global
	GlobalSection(SolutionConfigurationPlatforms) = preSolution
		Debug|Any CPU = Debug|Any CPU
		Release|Any CPU = Release|Any CPU
	EndGlobalSection
	GlobalSection(ProjectConfigurationPlatforms) = postSolution
		{CE3C048B-5A94-48E3-8C59-1C48C399C340}.Debug|Any CPU.ActiveCfg = Debug|Any CPU
		{CE3C048B-5A94-48E3-8C59-1C48C399C340}.Debug|Any CPU.Build.0 = Debug|Any CPU
		{CE3C048B-5A94-48E3-8C59-1C48C399C340}.Release|Any CPU.ActiveCfg = Release|Any CPU
		{CE3C048B-5A94-48E3-8C59-1C48C399C340}.Release|Any CPU.Build.0 = Release|Any CPU
		{C8CBB432-FDCB-463D-9108-1F0BEFAD09B2}.Debug|Any CPU.ActiveCfg = Debug|Any CPU
		{C8CBB432-FDCB-463D-9108-1F0BEFAD09B2}.Debug|Any CPU.Build.0 = Debug|Any CPU
		{C8CBB432-FDCB-463D-9108-1F0BEFAD09B2}.Release|Any CPU.ActiveCfg = Release|Any CPU
		{C8CBB432-FDCB-463D-9108-1F0BEFAD09B2}.Release|Any CPU.Build.0 = Release|Any CPU
	EndGlobalSection
	GlobalSection(SolutionProperties) = preSolution
		HideSolutionNode = FALSE
	EndGlobalSection
	GlobalSection(ExtensibilityGlobals) = postSolution
		SolutionGuid = {BE0BD39F-E578-4B6D-A819-352AB2062973}
	EndGlobalSection
EndGlobal
